
Microsoft Visual Studio Solution File, Format Version 12.00
# Visual Studio Version 17
VisualStudioVersion = 17.7.34031.279
MinimumVisualStudioVersion = 10.0.40219.1
Project("{FAE04EC0-301F-11D3-BF4B-00C04F79EFBC}") = "ChessBoard", "ChessBoard\ChessBoard.csproj", "{D2507AD6-8B21-42E1-AC00-8405439C2212}"
EndProject
Global
	GlobalSection(SolutionConfigurationPlatforms) = preSolution
		Debug|Any CPU = Debug|Any CPU
		Release|Any CPU = Release|Any CPU
	EndGlobalSection
	GlobalSection(ProjectConfigurationPlatforms) = postSolution
		{D2507AD6-8B21-42E1-AC00-8405439C2212}.Debug|Any CPU.ActiveCfg = Debug|Any CPU
		{D2507AD6-8B21-42E1-AC00-8405439C2212}.Debug|Any CPU.Build.0 = Debug|Any CPU
		{D2507AD6-8B21-42E1-AC00-8405439C2212}.Release|Any CPU.ActiveCfg = Release|Any CPU
		{D2507AD6-8B21-42E1-AC00-8405439C2212}.Release|Any CPU.Build.0 = Release|Any CPU
	EndGlobalSection
	GlobalSection(SolutionProperties) = preSolution
		HideSolutionNode = FALSE
	EndGlobalSection
	GlobalSection(ExtensibilityGlobals) = postSolution
		SolutionGuid = {6B4A7808-1AC6-4DD4-86F1-9ED105035FA3}
	EndGlobalSection
EndGlobal
